{
  "name": "client",
  "version": "1.0.0",
  "lockfileVersion": 3,
  "requires": true,
  "packages": {
    "": {
      "name": "client",
      "version": "1.0.0",
      "license": "ISC",
      "devDependencies": {
        "sample-library": "file:../library/",
        "typescript": "^5.3.3"
      }
    },
    "../library": {
      "name": "sample-library",
      "version": "1.0.0",
      "dev": true,
      "license": "ISC",
      "dependencies": {
        "lodash-es": "^4.17.21"
      },
      "devDependencies": {
        "@rollup/plugin-commonjs": "^25.0.7",
        "@rollup/plugin-node-resolve": "^15.2.3",
        "@rollup/plugin-terser": "^0.4.4",
        "@types/lodash-es": "^4.17.12",
        "rollup": "^4.9.1",
        "typescript": "^5.3.3"
      }
    },
    "../library/lib": {
      "extraneous": true
    },
    "node_modules/sample-library": {
      "resolved": "../library",
      "link": true
    },
    "node_modules/typescript": {
      "version": "5.3.3",
      "resolved": "https://registry.npmjs.org/typescript/-/typescript-5.3.3.tgz",
      "integrity": "sha512-pXWcraxM0uxAS+tN0AG/BF2TyqmHO014Z070UsJ+pFvYuRSq8KH8DmWpnbXe0pEPDHXZV3FcAbJkijJ5oNEnWw==",
      "dev": true,
      "bin": {
        "tsc": "bin/tsc",
        "tsserver": "bin/tsserver"
      },
      "engines": {
        "node": ">=14.17"
      }
    }
  }
}
